# -------------------------------------------------------------------------- #
#
# Copyright (C) 2025  Altera Corporation. All rights reserved.
# Your use of Altera Corporation's design tools, logic functions 
# and other software and tools, and any partner logic 
# functions, and any output files from any of the foregoing 
# (including device programming or simulation files), and any 
# associated documentation or information are expressly subject 
# to the terms and conditions of the Altera Program License 
# Subscription Agreement, the Altera Quartus Prime License Agreement,
# the Altera IP License Agreement, or other applicable license
# agreement, including, without limitation, that your use is for
# the sole purpose of programming logic devices manufactured by
# Altera and sold by Altera or its authorized distributors.  Please
# refer to the Altera Software License Subscription Agreements 
# on the Quartus Prime software download page.
#
# -------------------------------------------------------------------------- #
#
# Quartus Prime
# Version 25.1std.0 Build 1129 10/21/2025 SC Lite Edition
# Date created = 11:02:05  mayo 12, 2026
#
# -------------------------------------------------------------------------- #
#
# Notes:
#
# 1) The default values for assignments are stored in the file:
#		POKEMON_assignment_defaults.qdf
#    If this file doesn't exist, see file:
#		assignment_defaults.qdf
#
# 2) Intel recommends that you do not modify this file. This
#    file is updated automatically by the Quartus Prime software
#    and any changes you make may be lost or overwritten.
#
# -------------------------------------------------------------------------- #

set_global_assignment -name NUM_PARALLEL_PROCESSORS ALL
set_global_assignment -name FAMILY "Cyclone V"
set_global_assignment -name DEVICE 5CSEMA5F31C6
set_global_assignment -name TOP_LEVEL_ENTITY POKEMON
set_global_assignment -name ORIGINAL_QUARTUS_VERSION 25.1STD.0
set_global_assignment -name PROJECT_CREATION_TIME_DATE "11:02:05  MAYO 12, 2026"
set_global_assignment -name LAST_QUARTUS_VERSION "25.1std.0 Lite Edition"
set_global_assignment -name PROJECT_OUTPUT_DIRECTORY output_files
set_global_assignment -name MIN_CORE_JUNCTION_TEMP 0
set_global_assignment -name MAX_CORE_JUNCTION_TEMP 85
set_global_assignment -name DEVICE_FILTER_PACKAGE FBGA
set_global_assignment -name ERROR_CHECK_FREQUENCY_DIVISOR 256
set_global_assignment -name EDA_SIMULATION_TOOL "Questa Altera FPGA (Verilog)"
set_global_assignment -name EDA_TIME_SCALE "1 ps" -section_id eda_simulation
set_global_assignment -name EDA_OUTPUT_DATA_FORMAT "VERILOG HDL" -section_id eda_simulation
set_global_assignment -name EDA_GENERATE_FUNCTIONAL_NETLIST OFF -section_id eda_board_design_timing
set_global_assignment -name EDA_GENERATE_FUNCTIONAL_NETLIST OFF -section_id eda_board_design_symbol
set_global_assignment -name EDA_GENERATE_FUNCTIONAL_NETLIST OFF -section_id eda_board_design_signal_integrity
set_global_assignment -name EDA_GENERATE_FUNCTIONAL_NETLIST OFF -section_id eda_board_design_boundary_scan
set_global_assignment -name POWER_PRESET_COOLING_SOLUTION "23 MM HEAT SINK WITH 200 LFPM AIRFLOW"
set_global_assignment -name POWER_BOARD_THERMAL_MODEL "NONE (CONSERVATIVE)"
set_global_assignment -name PARTITION_NETLIST_TYPE SOURCE -entity VGA -section_id Top
set_global_assignment -name PARTITION_FITTER_PRESERVATION_LEVEL PLACEMENT_AND_ROUTING -entity VGA -section_id Top
set_global_assignment -name PARTITION_COLOR 16764057 -entity VGA -section_id Top
set_location_assignment PIN_J14 -to B_VGA[7]
set_location_assignment PIN_G15 -to B_VGA[6]
set_location_assignment PIN_F15 -to B_VGA[5]
set_location_assignment PIN_H14 -to B_VGA[4]
set_location_assignment PIN_F14 -to B_VGA[3]
set_location_assignment PIN_H13 -to B_VGA[2]
set_location_assignment PIN_G13 -to B_VGA[1]
set_location_assignment PIN_B13 -to B_VGA[0]
set_location_assignment PIN_E11 -to G_VGA[7]
set_location_assignment PIN_F11 -to G_VGA[6]
set_location_assignment PIN_G12 -to G_VGA[5]
set_location_assignment PIN_G11 -to G_VGA[4]
set_location_assignment PIN_G10 -to G_VGA[3]
set_location_assignment PIN_H12 -to G_VGA[2]
set_location_assignment PIN_J10 -to G_VGA[1]
set_location_assignment PIN_J9 -to G_VGA[0]
set_location_assignment PIN_F13 -to R_VGA[7]
set_location_assignment PIN_E12 -to R_VGA[6]
set_location_assignment PIN_D12 -to R_VGA[5]
set_location_assignment PIN_C12 -to R_VGA[4]
set_location_assignment PIN_B12 -to R_VGA[3]
set_location_assignment PIN_E13 -to R_VGA[2]
set_location_assignment PIN_C13 -to R_VGA[1]
set_location_assignment PIN_A13 -to R_VGA[0]
set_location_assignment PIN_B11 -to VGA_HS
set_location_assignment PIN_D11 -to VGA_VS
set_instance_assignment -name PARTITION_HIERARCHY root_partition -to | -entity VGA -section_id Top
set_global_assignment -name PARTITION_NETLIST_TYPE SOURCE -section_id Top
set_global_assignment -name PARTITION_FITTER_PRESERVATION_LEVEL PLACEMENT_AND_ROUTING -section_id Top
set_global_assignment -name PARTITION_COLOR 16764057 -section_id Top
set_location_assignment PIN_AF14 -to IN_CLK
set_location_assignment PIN_AB12 -to IN_RST
set_location_assignment PIN_A11 -to OUT_VGA_CLK
set_location_assignment PIN_V16 -to P0_RDY
set_location_assignment PIN_W16 -to P1_RDY
set_location_assignment PIN_Y16 -to UP_SIG
set_location_assignment PIN_AA14 -to SELECT_SIG
set_location_assignment PIN_W15 -to DOWN_SIG


set_global_assignment -name SIP_FILE PLL_40MHz.sip
set_global_assignment -name VHDL_FILE basic_package.vhd
set_global_assignment -name VHDL_FILE VGA_package.vhd
set_global_assignment -name VHDL_FILE POKEMON.vhd
set_global_assignment -name VHDL_FILE battle_engine.vhd
set_global_assignment -name QIP_FILE BACKGROUND_ROM.qip
set_global_assignment -name QIP_FILE CHARIZARD_ROM.qip
set_global_assignment -name QIP_FILE FLAREON_ROM.qip
set_global_assignment -name QIP_FILE GARCHOMP_ROM.qip
set_global_assignment -name QIP_FILE JOLTEON_ROM.qip
set_global_assignment -name QIP_FILE LAPRAS_ROM.qip
set_global_assignment -name QIP_FILE LEAFEON_ROM.qip
set_global_assignment -name QIP_FILE ODDISH_ROM.qip
set_global_assignment -name QIP_FILE PLL_40MHz.qip
set_global_assignment -name QIP_FILE RANDOM_ROM.qip
set_global_assignment -name QIP_FILE SANDSLASH_ROM.qip
set_global_assignment -name QIP_FILE VAPOREON_ROM.qip
set_global_assignment -name QIP_FILE ZERAORA_ROM.qip
set_global_assignment -name VHDL_FILE VGA.vhd
set_global_assignment -name VHDL_FILE ZERAORA_ROM.vhd
set_global_assignment -name VHDL_FILE bit1_fullAdder.vhd
set_global_assignment -name VHDL_FILE bitn_fullAdder.vhd
set_global_assignment -name VHDL_FILE contador_uni.vhd
set_global_assignment -name VHDL_FILE image_sync.vhd
set_global_assignment -name VHDL_FILE move_controller.vhd
set_global_assignment -name VHDL_FILE pixel_generate.vhd
set_global_assignment -name VHDL_FILE pokemon_sel.vhd
set_global_assignment -name QIP_FILE NAMES_ROM.qip
set_instance_assignment -name PARTITION_HIERARCHY root_partition -to | -section_id Top